
Microsoft Visual Studio Solution File, Format Version 12.00
# Visual Studio Version 17
VisualStudioVersion = 17.4.33205.214
MinimumVisualStudioVersion = 10.0.40219.1
Project("{FAE04EC0-301F-11D3-BF4B-00C04F79EFBC}") = "SignalR-Example", "SignalR-Example.csproj", "{2BDEDA94-D510-4B21-8DF2-4F007CB2AC2E}"
EndProject
Global
	GlobalSection(SolutionConfigurationPlatforms) = preSolution
		Debug|Any CPU = Debug|Any CPU
		Release|Any CPU = Release|Any CPU
	EndGlobalSection
	GlobalSection(ProjectConfigurationPlatforms) = postSolution
		{2BDEDA94-D510-4B21-8DF2-4F007CB2AC2E}.Debug|Any CPU.ActiveCfg = Debug|Any CPU
		{2BDEDA94-D510-4B21-8DF2-4F007CB2AC2E}.Debug|Any CPU.Build.0 = Debug|Any CPU
		{2BDEDA94-D510-4B21-8DF2-4F007CB2AC2E}.Release|Any CPU.ActiveCfg = Release|Any CPU
		{2BDEDA94-D510-4B21-8DF2-4F007CB2AC2E}.Release|Any CPU.Build.0 = Release|Any CPU
	EndGlobalSection
	GlobalSection(SolutionProperties) = preSolution
		HideSolutionNode = FALSE
	EndGlobalSection
	GlobalSection(ExtensibilityGlobals) = postSolution
		SolutionGuid = {D26834B1-854A-4589-8313-A41F9B08E2D2}
	EndGlobalSection
EndGlobal
